
Microsoft Visual Studio Solution File, Format Version 12.00
# Visual Studio Version 16
VisualStudioVersion = 16.0.29326.143
MinimumVisualStudioVersion = 10.0.40219.1
Project("{FAE04EC0-301F-11D3-BF4B-00C04F79EFBC}") = "StudentsLogger", "StudentsLogger\StudentsLogger.csproj", "{1F87B789-76D3-4555-9C79-924F4B5F5DBE}"
EndProject
Global
	GlobalSection(SolutionConfigurationPlatforms) = preSolution
		Debug|Any CPU = Debug|Any CPU
		Release|Any CPU = Release|Any CPU
	EndGlobalSection
	GlobalSection(ProjectConfigurationPlatforms) = postSolution
		{1F87B789-76D3-4555-9C79-924F4B5F5DBE}.Debug|Any CPU.ActiveCfg = Debug|Any CPU
		{1F87B789-76D3-4555-9C79-924F4B5F5DBE}.Debug|Any CPU.Build.0 = Debug|Any CPU
		{1F87B789-76D3-4555-9C79-924F4B5F5DBE}.Release|Any CPU.ActiveCfg = Release|Any CPU
		{1F87B789-76D3-4555-9C79-924F4B5F5DBE}.Release|Any CPU.Build.0 = Release|Any CPU
	EndGlobalSection
	GlobalSection(SolutionProperties) = preSolution
		HideSolutionNode = FALSE
	EndGlobalSection
	GlobalSection(ExtensibilityGlobals) = postSolution
		SolutionGuid = {D8145BC1-CCE2-4319-BA03-DD8103E08485}
	EndGlobalSection
EndGlobal
